
Microsoft Visual Studio Solution File, Format Version 12.00
# Visual Studio Version 16
VisualStudioVersion = 16.0.30011.22
MinimumVisualStudioVersion = 10.0.40219.1
Project("{FAE04EC0-301F-11D3-BF4B-00C04F79EFBC}") = "HelloCSharp", "HelloCSharp\HelloCSharp.csproj", "{67453AAC-AD41-4269-B4C2-F3A6EAA96763}"
EndProject
Project("{00D1A9C2-B5F0-4AF3-8072-F6C62B433612}") = "Azure.SQLServer.DB", "Azure.SQLServer.DB\Azure.SQLServer.DB.sqlproj", "{D25D8A01-150E-4881-B01C-926E3679159E}"
EndProject
Project("{FAE04EC0-301F-11D3-BF4B-00C04F79EFBC}") = "Azure.DataFactory", "Azure.DataFactory\Azure.DataFactory.csproj", "{72F47230-3583-45AE-93C0-5F22BD6572A4}"
EndProject
Global
	GlobalSection(SolutionConfigurationPlatforms) = preSolution
		Debug|Any CPU = Debug|Any CPU
		Release|Any CPU = Release|Any CPU
	EndGlobalSection
	GlobalSection(ProjectConfigurationPlatforms) = postSolution
		{67453AAC-AD41-4269-B4C2-F3A6EAA96763}.Debug|Any CPU.ActiveCfg = Debug|Any CPU
		{67453AAC-AD41-4269-B4C2-F3A6EAA96763}.Debug|Any CPU.Build.0 = Debug|Any CPU
		{67453AAC-AD41-4269-B4C2-F3A6EAA96763}.Release|Any CPU.ActiveCfg = Release|Any CPU
		{67453AAC-AD41-4269-B4C2-F3A6EAA96763}.Release|Any CPU.Build.0 = Release|Any CPU
		{D25D8A01-150E-4881-B01C-926E3679159E}.Debug|Any CPU.ActiveCfg = Debug|Any CPU
		{D25D8A01-150E-4881-B01C-926E3679159E}.Debug|Any CPU.Build.0 = Debug|Any CPU
		{D25D8A01-150E-4881-B01C-926E3679159E}.Debug|Any CPU.Deploy.0 = Debug|Any CPU
		{D25D8A01-150E-4881-B01C-926E3679159E}.Release|Any CPU.ActiveCfg = Release|Any CPU
		{D25D8A01-150E-4881-B01C-926E3679159E}.Release|Any CPU.Build.0 = Release|Any CPU
		{D25D8A01-150E-4881-B01C-926E3679159E}.Release|Any CPU.Deploy.0 = Release|Any CPU
		{72F47230-3583-45AE-93C0-5F22BD6572A4}.Debug|Any CPU.ActiveCfg = Debug|Any CPU
		{72F47230-3583-45AE-93C0-5F22BD6572A4}.Debug|Any CPU.Build.0 = Debug|Any CPU
		{72F47230-3583-45AE-93C0-5F22BD6572A4}.Release|Any CPU.ActiveCfg = Release|Any CPU
		{72F47230-3583-45AE-93C0-5F22BD6572A4}.Release|Any CPU.Build.0 = Release|Any CPU
	EndGlobalSection
	GlobalSection(SolutionProperties) = preSolution
		HideSolutionNode = FALSE
	EndGlobalSection
	GlobalSection(ExtensibilityGlobals) = postSolution
		SolutionGuid = {7A9484EE-0D13-4DB2-8801-64E164353AFF}
	EndGlobalSection
EndGlobal
